
Microsoft Visual Studio Solution File, Format Version 12.00
# Visual Studio Version 17
VisualStudioVersion = 17.1.32421.90
MinimumVisualStudioVersion = 10.0.40219.1
Project("{FAE04EC0-301F-11D3-BF4B-00C04F79EFBC}") = "Hangman", "Hangman.csproj", "{65EAFE2A-6963-472B-9739-1740B3CCBA7E}"
EndProject
Global
	GlobalSection(SolutionConfigurationPlatforms) = preSolution
		Debug|Any CPU = Debug|Any CPU
		Release|Any CPU = Release|Any CPU
	EndGlobalSection
	GlobalSection(ProjectConfigurationPlatforms) = postSolution
		{65EAFE2A-6963-472B-9739-1740B3CCBA7E}.Debug|Any CPU.ActiveCfg = Debug|Any CPU
		{65EAFE2A-6963-472B-9739-1740B3CCBA7E}.Debug|Any CPU.Build.0 = Debug|Any CPU
		{65EAFE2A-6963-472B-9739-1740B3CCBA7E}.Release|Any CPU.ActiveCfg = Release|Any CPU
		{65EAFE2A-6963-472B-9739-1740B3CCBA7E}.Release|Any CPU.Build.0 = Release|Any CPU
	EndGlobalSection
	GlobalSection(SolutionProperties) = preSolution
		HideSolutionNode = FALSE
	EndGlobalSection
	GlobalSection(ExtensibilityGlobals) = postSolution
		SolutionGuid = {C4A570F6-CD40-4148-A915-DBF6A7EE0782}
	EndGlobalSection
EndGlobal
